// !$*UTF8*$!
{
	archiveVersion = 1;
	classes = {
	};
	objectVersion = 56;
	objects = {

/* Begin PBXBuildFile section */
		5B3C738A2BA02BE700B104EF /* CustomCanvasView.swift in Sources */ = {isa = PBXBuildFile; fileRef = 5B3C73892BA02BE700B104EF /* CustomCanvasView.swift */; };
		5B4B5BA82BA01BBC0051F939 /* archimedean_spiral.png in Resources */ = {isa = PBXBuildFile; fileRef = 5B4B5BA72BA01BBC0051F939 /* archimedean_spiral.png */; };
		5B981E552B96D74000F1FA60 /* AppDelegate.swift in Sources */ = {isa = PBXBuildFile; fileRef = 5B981E542B96D74000F1FA60 /* AppDelegate.swift */; };
		5B981E572B96D74000F1FA60 /* SceneDelegate.swift in Sources */ = {isa = PBXBuildFile; fileRef = 5B981E562B96D74000F1FA60 /* SceneDelegate.swift */; };
		5B981E592B96D74000F1FA60 /* ViewController.swift in Sources */ = {isa = PBXBuildFile; fileRef = 5B981E582B96D74000F1FA60 /* ViewController.swift */; };
		5B981E5C2B96D74000F1FA60 /* Main.storyboard in Resources */ = {isa = PBXBuildFile; fileRef = 5B981E5A2B96D74000F1FA60 /* Main.storyboard */; };
		5B981E5E2B96D74100F1FA60 /* Assets.xcassets in Resources */ = {isa = PBXBuildFile; fileRef = 5B981E5D2B96D74100F1FA60 /* Assets.xcassets */; };
		5B981E612B96D74100F1FA60 /* LaunchScreen.storyboard in Resources */ = {isa = PBXBuildFile; fileRef = 5B981E5F2B96D74100F1FA60 /* LaunchScreen.storyboard */; };
		5B981E6C2B96D74100F1FA60 /* Creating_ConnectionsTests.swift in Sources */ = {isa = PBXBuildFile; fileRef = 5B981E6B2B96D74100F1FA60 /* Creating_ConnectionsTests.swift */; };
		5B981E762B96D74100F1FA60 /* Creating_ConnectionsUITests.swift in Sources */ = {isa = PBXBuildFile; fileRef = 5B981E752B96D74100F1FA60 /* Creating_ConnectionsUITests.swift */; };
		5B981E782B96D74100F1FA60 /* Creating_ConnectionsUITestsLaunchTests.swift in Sources */ = {isa = PBXBuildFile; fileRef = 5B981E772B96D74100F1FA60 /* Creating_ConnectionsUITestsLaunchTests.swift */; };
/* End PBXBuildFile section */

/* Begin PBXContainerItemProxy section */
		5B981E682B96D74100F1FA60 /* PBXContainerItemProxy */ = {
			isa = PBXContainerItemProxy;
			containerPortal = 5B981E492B96D74000F1FA60 /* Project object */;
			proxyType = 1;
			remoteGlobalIDString = 5B981E502B96D74000F1FA60;
			remoteInfo = "Creating Connections";
		};
		5B981E722B96D74100F1FA60 /* PBXContainerItemProxy */ = {
			isa = PBXContainerItemProxy;
			containerPortal = 5B981E492B96D74000F1FA60 /* Project object */;
			proxyType = 1;
			remoteGlobalIDString = 5B981E502B96D74000F1FA60;
			remoteInfo = "Creating Connections";
		};
/* End PBXContainerItemProxy section */

/* Begin PBXFileReference section */
		5B3C73892BA02BE700B104EF /* CustomCanvasView.swift */ = {isa = PBXFileReference; lastKnownFileType = sourcecode.swift; path = CustomCanvasView.swift; sourceTree = "<group>"; };
		5B4B5BA72BA01BBC0051F939 /* archimedean_spiral.png */ = {isa = PBXFileReference; lastKnownFileType = image.png; path = archimedean_spiral.png; sourceTree = "<group>"; };
		5B981E512B96D74000F1FA60 /* Creating Connections.app */ = {isa = PBXFileReference; explicitFileType = wrapper.application; includeInIndex = 0; path = "Creating Connections.app"; sourceTree = BUILT_PRODUCTS_DIR; };
		5B981E542B96D74000F1FA60 /* AppDelegate.swift */ = {isa = PBXFileReference; lastKnownFileType = sourcecode.swift; path = AppDelegate.swift; sourceTree = "<group>"; };
		5B981E562B96D74000F1FA60 /* SceneDelegate.swift */ = {isa = PBXFileReference; lastKnownFileType = sourcecode.swift; path = SceneDelegate.swift; sourceTree = "<group>"; };
		5B981E582B96D74000F1FA60 /* ViewController.swift */ = {isa = PBXFileReference; lastKnownFileType = sourcecode.swift; path = ViewController.swift; sourceTree = "<group>"; };
		5B981E5B2B96D74000F1FA60 /* Base */ = {isa = PBXFileReference; lastKnownFileType = file.storyboard; name = Base; path = Base.lproj/Main.storyboard; sourceTree = "<group>"; };
		5B981E5D2B96D74100F1FA60 /* Assets.xcassets */ = {isa = PBXFileReference; lastKnownFileType = folder.assetcatalog; path = Assets.xcassets; sourceTree = "<group>"; };
		5B981E602B96D74100F1FA60 /* Base */ = {isa = PBXFileReference; lastKnownFileType = file.storyboard; name = Base; path = Base.lproj/LaunchScreen.storyboard; sourceTree = "<group>"; };
		5B981E622B96D74100F1FA60 /* Info.plist */ = {isa = PBXFileReference; lastKnownFileType = text.plist.xml; path = Info.plist; sourceTree = "<group>"; };
		5B981E672B96D74100F1FA60 /* Creating ConnectionsTests.xctest */ = {isa = PBXFileReference; explicitFileType = wrapper.cfbundle; includeInIndex = 0; path = "Creating ConnectionsTests.xctest"; sourceTree = BUILT_PRODUCTS_DIR; };
		5B981E6B2B96D74100F1FA60 /* Creating_ConnectionsTests.swift */ = {isa = PBXFileReference; lastKnownFileType = sourcecode.swift; path = Creating_ConnectionsTests.swift; sourceTree = "<group>"; };
		5B981E712B96D74100F1FA60 /* Creating ConnectionsUITests.xctest */ = {isa = PBXFileReference; explicitFileType = wrapper.cfbundle; includeInIndex = 0; path = "Creating ConnectionsUITests.xctest"; sourceTree = BUILT_PRODUCTS_DIR; };
		5B981E752B96D74100F1FA60 /* Creating_ConnectionsUITests.swift */ = {isa = PBXFileReference; lastKnownFileType = sourcecode.swift; path = Creating_ConnectionsUITests.swift; sourceTree = "<group>"; };
		5B981E772B96D74100F1FA60 /* Creating_ConnectionsUITestsLaunchTests.swift */ = {isa = PBXFileReference; lastKnownFileType = sourcecode.swift; path = Creating_ConnectionsUITestsLaunchTests.swift; sourceTree = "<group>"; };
/* End PBXFileReference section */

/* Begin PBXFrameworksBuildPhase section */
		5B981E4E2B96D74000F1FA60 /* Frameworks */ = {
			isa = PBXFrameworksBuildPhase;
			buildActionMask = 2147483647;
			files = (
			);
			runOnlyForDeploymentPostprocessing = 0;
		};
		5B981E642B96D74100F1FA60 /* Frameworks */ = {
			isa = PBXFrameworksBuildPhase;
			buildActionMask = 2147483647;
			files = (
			);
			runOnlyForDeploymentPostprocessing = 0;
		};
		5B981E6E2B96D74100F1FA60 /* Frameworks */ = {
			isa = PBXFrameworksBuildPhase;
			buildActionMask = 2147483647;
			files = (
			);
			runOnlyForDeploymentPostprocessing = 0;
		};
/* End PBXFrameworksBuildPhase section */

/* Begin PBXGroup section */
		5B981E482B96D74000F1FA60 = {
			isa = PBXGroup;
			children = (
				5B981E532B96D74000F1FA60 /* Creating Connections */,
				5B981E6A2B96D74100F1FA60 /* Creating ConnectionsTests */,
				5B981E742B96D74100F1FA60 /* Creating ConnectionsUITests */,
				5B981E522B96D74000F1FA60 /* Products */,
			);
			sourceTree = "<group>";
		};
		5B981E522B96D74000F1FA60 /* Products */ = {
			isa = PBXGroup;
			children = (
				5B981E512B96D74000F1FA60 /* Creating Connections.app */,
				5B981E672B96D74100F1FA60 /* Creating ConnectionsTests.xctest */,
				5B981E712B96D74100F1FA60 /* Creating ConnectionsUITests.xctest */,
			);
			name = Products;
			sourceTree = "<group>";
		};
		5B981E532B96D74000F1FA60 /* Creating Connections */ = {
			isa = PBXGroup;
			children = (
				5B981E542B96D74000F1FA60 /* AppDelegate.swift */,
				5B981E562B96D74000F1FA60 /* SceneDelegate.swift */,
				5B981E582B96D74000F1FA60 /* ViewController.swift */,
				5B3C73892BA02BE700B104EF /* CustomCanvasView.swift */,
				5B4B5BA72BA01BBC0051F939 /* archimedean_spiral.png */,
				5B981E5A2B96D74000F1FA60 /* Main.storyboard */,
				5B981E5D2B96D74100F1FA60 /* Assets.xcassets */,
				5B981E5F2B96D74100F1FA60 /* LaunchScreen.storyboard */,
				5B981E622B96D74100F1FA60 /* Info.plist */,
			);
			path = "Creating Connections";
			sourceTree = "<group>";
		};
		5B981E6A2B96D74100F1FA60 /* Creating ConnectionsTests */ = {
			isa = PBXGroup;
			children = (
				5B981E6B2B96D74100F1FA60 /* Creating_ConnectionsTests.swift */,
			);
			path = "Creating ConnectionsTests";
			sourceTree = "<group>";
		};
		5B981E742B96D74100F1FA60 /* Creating ConnectionsUITests */ = {
			isa = PBXGroup;
			children = (
				5B981E752B96D74100F1FA60 /* Creating_ConnectionsUITests.swift */,
				5B981E772B96D74100F1FA60 /* Creating_ConnectionsUITestsLaunchTests.swift */,
			);
			path = "Creating ConnectionsUITests";
			sourceTree = "<group>";
		};
/* End PBXGroup section */

/* Begin PBXNativeTarget section */
		5B981E502B96D74000F1FA60 /* Creating Connections */ = {
			isa = PBXNativeTarget;
			buildConfigurationList = 5B981E7B2B96D74100F1FA60 /* Build configuration list for PBXNativeTarget "Creating Connections" */;
			buildPhases = (
				5B981E4D2B96D74000F1FA60 /* Sources */,
				5B981E4E2B96D74000F1FA60 /* Frameworks */,
				5B981E4F2B96D74000F1FA60 /* Resources */,
			);
			buildRules = (
			);
			dependencies = (
			);
			name = "Creating Connections";
			productName = "Creating Connections";
			productReference = 5B981E512B96D74000F1FA60 /* Creating Connections.app */;
			productType = "com.apple.product-type.application";
		};
		5B981E662B96D74100F1FA60 /* Creating ConnectionsTests */ = {
			isa = PBXNativeTarget;
			buildConfigurationList = 5B981E7E2B96D74100F1FA60 /* Build configuration list for PBXNativeTarget "Creating ConnectionsTests" */;
			buildPhases = (
				5B981E632B96D74100F1FA60 /* Sources */,
				5B981E642B96D74100F1FA60 /* Frameworks */,
				5B981E652B96D74100F1FA60 /* Resources */,
			);
			buildRules = (
			);
			dependencies = (
				5B981E692B96D74100F1FA60 /* PBXTargetDependency */,
			);
			name = "Creating ConnectionsTests";
			productName = "Creating ConnectionsTests";
			productReference = 5B981E672B96D74100F1FA60 /* Creating ConnectionsTests.xctest */;
			productType = "com.apple.product-type.bundle.unit-test";
		};
		5B981E702B96D74100F1FA60 /* Creating ConnectionsUITests */ = {
			isa = PBXNativeTarget;
			buildConfigurationList = 5B981E812B96D74100F1FA60 /* Build configuration list for PBXNativeTarget "Creating ConnectionsUITests" */;
			buildPhases = (
				5B981E6D2B96D74100F1FA60 /* Sources */,
				5B981E6E2B96D74100F1FA60 /* Frameworks */,
				5B981E6F2B96D74100F1FA60 /* Resources */,
			);
			buildRules = (
			);
			dependencies = (
				5B981E732B96D74100F1FA60 /* PBXTargetDependency */,
			);
			name = "Creating ConnectionsUITests";
			productName = "Creating ConnectionsUITests";
			productReference = 5B981E712B96D74100F1FA60 /* Creating ConnectionsUITests.xctest */;
			productType = "com.apple.product-type.bundle.ui-testing";
		};
/* End PBXNativeTarget section */

/* Begin PBXProject section */
		5B981E492B96D74000F1FA60 /* Project object */ = {
			isa = PBXProject;
			attributes = {
				BuildIndependentTargetsInParallel = 1;
				LastSwiftUpdateCheck = 1520;
				LastUpgradeCheck = 1520;
				TargetAttributes = {
					5B981E502B96D74000F1FA60 = {
						CreatedOnToolsVersion = 15.2;
					};
					5B981E662B96D74100F1FA60 = {
						CreatedOnToolsVersion = 15.2;
						TestTargetID = 5B981E502B96D74000F1FA60;
					};
					5B981E702B96D74100F1FA60 = {
						CreatedOnToolsVersion = 15.2;
						TestTargetID = 5B981E502B96D74000F1FA60;
					};
				};
			};
			buildConfigurationList = 5B981E4C2B96D74000F1FA60 /* Build configuration list for PBXProject "Creating Connections" */;
			compatibilityVersion = "Xcode 14.0";
			developmentRegion = en;
			hasScannedForEncodings = 0;
			knownRegions = (
				en,
				Base,
			);
			mainGroup = 5B981E482B96D74000F1FA60;
			productRefGroup = 5B981E522B96D74000F1FA60 /* Products */;
			projectDirPath = "";
			projectRoot = "";
			targets = (
				5B981E502B96D74000F1FA60 /* Creating Connections */,
				5B981E662B96D74100F1FA60 /* Creating ConnectionsTests */,
				5B981E702B96D74100F1FA60 /* Creating ConnectionsUITests */,
			);
		};
/* End PBXProject section */

/* Begin PBXResourcesBuildPhase section */
		5B981E4F2B96D74000F1FA60 /* Resources */ = {
			isa = PBXResourcesBuildPhase;
			buildActionMask = 2147483647;
			files = (
				5B4B5BA82BA01BBC0051F939 /* archimedean_spiral.png in Resources */,
				5B981E612B96D74100F1FA60 /* LaunchScreen.storyboard in Resources */,
				5B981E5E2B96D74100F1FA60 /* Assets.xcassets in Resources */,
				5B981E5C2B96D74000F1FA60 /* Main.storyboard in Resources */,
			);
			runOnlyForDeploymentPostprocessing = 0;
		};
		5B981E652B96D74100F1FA60 /* Resources */ = {
			isa = PBXResourcesBuildPhase;
			buildActionMask = 2147483647;
			files = (
			);
			runOnlyForDeploymentPostprocessing = 0;
		};
		5B981E6F2B96D74100F1FA60 /* Resources */ = {
			isa = PBXResourcesBuildPhase;
			buildActionMask = 2147483647;
			files = (
			);
			runOnlyForDeploymentPostprocessing = 0;
		};
/* End PBXResourcesBuildPhase section */

/* Begin PBXSourcesBuildPhase section */
		5B981E4D2B96D74000F1FA60 /* Sources */ = {
			isa = PBXSourcesBuildPhase;
			buildActionMask = 2147483647;
			files = (
				5B981E592B96D74000F1FA60 /* ViewController.swift in Sources */,
				5B981E552B96D74000F1FA60 /* AppDelegate.swift in Sources */,
				5B981E572B96D74000F1FA60 /* SceneDelegate.swift in Sources */,
				5B3C738A2BA02BE700B104EF /* CustomCanvasView.swift in Sources */,
			);
			runOnlyForDeploymentPostprocessing = 0;
		};
		5B981E632B96D74100F1FA60 /* Sources */ = {
			isa = PBXSourcesBuildPhase;
			buildActionMask = 2147483647;
			files = (
				5B981E6C2B96D74100F1FA60 /* Creating_ConnectionsTests.swift in Sources */,
			);
			runOnlyForDeploymentPostprocessing = 0;
		};
		5B981E6D2B96D74100F1FA60 /* Sources */ = {
			isa = PBXSourcesBuildPhase;
			buildActionMask = 2147483647;
			files = (
				5B981E762B96D74100F1FA60 /* Creating_ConnectionsUITests.swift in Sources */,
				5B981E782B96D74100F1FA60 /* Creating_ConnectionsUITestsLaunchTests.swift in Sources */,
			);
			runOnlyForDeploymentPostprocessing = 0;
		};
/* End PBXSourcesBuildPhase section */

/* Begin PBXTargetDependency section */
		5B981E692B96D74100F1FA60 /* PBXTargetDependency */ = {
			isa = PBXTargetDependency;
			target = 5B981E502B96D74000F1FA60 /* Creating Connections */;
			targetProxy = 5B981E682B96D74100F1FA60 /* PBXContainerItemProxy */;
		};
		5B981E732B96D74100F1FA60 /* PBXTargetDependency */ = {
			isa = PBXTargetDependency;
			target = 5B981E502B96D74000F1FA60 /* Creating Connections */;
			targetProxy = 5B981E722B96D74100F1FA60 /* PBXContainerItemProxy */;
		};
/* End PBXTargetDependency section */

/* Begin PBXVariantGroup section */
		5B981E5A2B96D74000F1FA60 /* Main.storyboard */ = {
			isa = PBXVariantGroup;
			children = (
				5B981E5B2B96D74000F1FA60 /* Base */,
			);
			name = Main.storyboard;
			sourceTree = "<group>";
		};
		5B981E5F2B96D74100F1FA60 /* LaunchScreen.storyboard */ = {
			isa = PBXVariantGroup;
			children = (
				5B981E602B96D74100F1FA60 /* Base */,
			);
			name = LaunchScreen.storyboard;
			sourceTree = "<group>";
		};
/* End PBXVariantGroup section */

/* Begin XCBuildConfiguration section */
		5B981E792B96D74100F1FA60 /* Debug */ = {
			isa = XCBuildConfiguration;
			buildSettings = {
				ALWAYS_SEARCH_USER_PATHS = NO;
				ASSETCATALOG_COMPILER_GENERATE_SWIFT_ASSET_SYMBOL_EXTENSIONS = YES;
				CLANG_ANALYZER_NONNULL = YES;
				CLANG_ANALYZER_NUMBER_OBJECT_CONVERSION = YES_AGGRESSIVE;
				CLANG_CXX_LANGUAGE_STANDARD = "gnu++20";
				CLANG_ENABLE_MODULES = YES;
				CLANG_ENABLE_OBJC_ARC = YES;
				CLANG_ENABLE_OBJC_WEAK = YES;
				CLANG_WARN_BLOCK_CAPTURE_AUTORELEASING = YES;
				CLANG_WARN_BOOL_CONVERSION = YES;
				CLANG_WARN_COMMA = YES;
				CLANG_WARN_CONSTANT_CONVERSION = YES;
				CLANG_WARN_DEPRECATED_OBJC_IMPLEMENTATIONS = YES;
				CLANG_WARN_DIRECT_OBJC_ISA_USAGE = YES_ERROR;
				CLANG_WARN_DOCUMENTATION_COMMENTS = YES;
				CLANG_WARN_EMPTY_BODY = YES;
				CLANG_WARN_ENUM_CONVERSION = YES;
				CLANG_WARN_INFINITE_RECURSION = YES;
				CLANG_WARN_INT_CONVERSION = YES;
				CLANG_WARN_NON_LITERAL_NULL_CONVERSION = YES;
				CLANG_WARN_OBJC_IMPLICIT_RETAIN_SELF = YES;
				CLANG_WARN_OBJC_LITERAL_CONVERSION = YES;
				CLANG_WARN_OBJC_ROOT_CLASS = YES_ERROR;
				CLANG_WARN_QUOTED_INCLUDE_IN_FRAMEWORK_HEADER = YES;
				CLANG_WARN_RANGE_LOOP_ANALYSIS = YES;
				CLANG_WARN_STRICT_PROTOTYPES = YES;
				CLANG_WARN_SUSPICIOUS_MOVE = YES;
				CLANG_WARN_UNGUARDED_AVAILABILITY = YES_AGGRESSIVE;
				CLANG_WARN_UNREACHABLE_CODE = YES;
				CLANG_WARN__DUPLICATE_METHOD_MATCH = YES;
				COPY_PHASE_STRIP = NO;
				DEBUG_INFORMATION_FORMAT = dwarf;
				ENABLE_STRICT_OBJC_MSGSEND = YES;
				ENABLE_TESTABILITY = YES;
				ENABLE_USER_SCRIPT_SANDBOXING = YES;
				GCC_C_LANGUAGE_STANDARD = gnu17;
				GCC_DYNAMIC_NO_PIC = NO;
				GCC_NO_COMMON_BLOCKS = YES;
				GCC_OPTIMIZATION_LEVEL = 0;
				GCC_PREPROCESSOR_DEFINITIONS = (
					"DEBUG=1",
					"$(inherited)",
				);
				GCC_WARN_64_TO_32_BIT_CONVERSION = YES;
				GCC_WARN_ABOUT_RETURN_TYPE = YES_ERROR;
				GCC_WARN_UNDECLARED_SELECTOR = YES;
				GCC_WARN_UNINITIALIZED_AUTOS = YES_AGGRESSIVE;
				GCC_WARN_UNUSED_FUNCTION = YES;
				GCC_WARN_UNUSED_VARIABLE = YES;
				IPHONEOS_DEPLOYMENT_TARGET = 17.2;
				LOCALIZATION_PREFERS_STRING_CATALOGS = YES;
				MTL_ENABLE_DEBUG_INFO = INCLUDE_SOURCE;
				MTL_FAST_MATH = YES;
				ONLY_ACTIVE_ARCH = YES;
				SDKROOT = iphoneos;
				SWIFT_ACTIVE_COMPILATION_CONDITIONS = "DEBUG $(inherited)";
				SWIFT_OPTIMIZATION_LEVEL = "-Onone";
			};
			name = Debug;
		};
		5B981E7A2B96D74100F1FA60 /* Release */ = {
			isa = XCBuildConfiguration;
			buildSettings = {
				ALWAYS_SEARCH_USER_PATHS = NO;
				ASSETCATALOG_COMPILER_GENERATE_SWIFT_ASSET_SYMBOL_EXTENSIONS = YES;
				CLANG_ANALYZER_NONNULL = YES;
				CLANG_ANALYZER_NUMBER_OBJECT_CONVERSION = YES_AGGRESSIVE;
				CLANG_CXX_LANGUAGE_STANDARD = "gnu++20";
				CLANG_ENABLE_MODULES = YES;
				CLANG_ENABLE_OBJC_ARC = YES;
				CLANG_ENABLE_OBJC_WEAK = YES;
				CLANG_WARN_BLOCK_CAPTURE_AUTORELEASING = YES;
				CLANG_WARN_BOOL_CONVERSION = YES;
				CLANG_WARN_COMMA = YES;
				CLANG_WARN_CONSTANT_CONVERSION = YES;
				CLANG_WARN_DEPRECATED_OBJC_IMPLEMENTATIONS = YES;
				CLANG_WARN_DIRECT_OBJC_ISA_USAGE = YES_ERROR;
				CLANG_WARN_DOCUMENTATION_COMMENTS = YES;
				CLANG_WARN_EMPTY_BODY = YES;
				CLANG_WARN_ENUM_CONVERSION = YES;
				CLANG_WARN_INFINITE_RECURSION = YES;
				CLANG_WARN_INT_CONVERSION = YES;
				CLANG_WARN_NON_LITERAL_NULL_CONVERSION = YES;
				CLANG_WARN_OBJC_IMPLICIT_RETAIN_SELF = YES;
				CLANG_WARN_OBJC_LITERAL_CONVERSION = YES;
				CLANG_WARN_OBJC_ROOT_CLASS = YES_ERROR;
				CLANG_WARN_QUOTED_INCLUDE_IN_FRAMEWORK_HEADER = YES;
				CLANG_WARN_RANGE_LOOP_ANALYSIS = YES;
				CLANG_WARN_STRICT_PROTOTYPES = YES;
				CLANG_WARN_SUSPICIOUS_MOVE = YES;
				CLANG_WARN_UNGUARDED_AVAILABILITY = YES_AGGRESSIVE;
				CLANG_WARN_UNREACHABLE_CODE = YES;
				CLANG_WARN__DUPLICATE_METHOD_MATCH = YES;
				COPY_PHASE_STRIP = NO;
				DEBUG_INFORMATION_FORMAT = "dwarf-with-dsym";
				ENABLE_NS_ASSERTIONS = NO;
				ENABLE_STRICT_OBJC_MSGSEND = YES;
				ENABLE_USER_SCRIPT_SANDBOXING = YES;
				GCC_C_LANGUAGE_STANDARD = gnu17;
				GCC_NO_COMMON_BLOCKS = YES;
				GCC_WARN_64_TO_32_BIT_CONVERSION = YES;
				GCC_WARN_ABOUT_RETURN_TYPE = YES_ERROR;
				GCC_WARN_UNDECLARED_SELECTOR = YES;
				GCC_WARN_UNINITIALIZED_AUTOS = YES_AGGRESSIVE;
				GCC_WARN_UNUSED_FUNCTION = YES;
				GCC_WARN_UNUSED_VARIABLE = YES;
				IPHONEOS_DEPLOYMENT_TARGET = 17.2;
				LOCALIZATION_PREFERS_STRING_CATALOGS = YES;
				MTL_ENABLE_DEBUG_INFO = NO;
				MTL_FAST_MATH = YES;
				SDKROOT = iphoneos;
				SWIFT_COMPILATION_MODE = wholemodule;
				VALIDATE_PRODUCT = YES;
			};
			name = Release;
		};
		5B981E7C2B96D74100F1FA60 /* Debug */ = {
			isa = XCBuildConfiguration;
			buildSettings = {
				ASSETCATALOG_COMPILER_APPICON_NAME = AppIcon;
				ASSETCATALOG_COMPILER_GLOBAL_ACCENT_COLOR_NAME = AccentColor;
				CODE_SIGN_STYLE = Automatic;
				CURRENT_PROJECT_VERSION = 1;
				GENERATE_INFOPLIST_FILE = YES;
				INFOPLIST_FILE = "Creating Connections/Info.plist";
				INFOPLIST_KEY_LSApplicationCategoryType = "public.app-category.healthcare-fitness";
				INFOPLIST_KEY_UIApplicationSupportsIndirectInputEvents = YES;
				INFOPLIST_KEY_UILaunchStoryboardName = LaunchScreen;
				INFOPLIST_KEY_UIMainStoryboardFile = Main;
				INFOPLIST_KEY_UISupportedInterfaceOrientations_iPad = "UIInterfaceOrientationPortrait UIInterfaceOrientationPortraitUpsideDown UIInterfaceOrientationLandscapeLeft UIInterfaceOrientationLandscapeRight";
				INFOPLIST_KEY_UISupportedInterfaceOrientations_iPhone = "UIInterfaceOrientationPortrait UIInterfaceOrientationLandscapeLeft UIInterfaceOrientationLandscapeRight";
				IPHONEOS_DEPLOYMENT_TARGET = 15.0;
				LD_RUNPATH_SEARCH_PATHS = (
					"$(inherited)",
					"@executable_path/Frameworks",
				);
				MARKETING_VERSION = 0.1;
				PRODUCT_BUNDLE_IDENTIFIER = "com.creating-connections.Creating-Connections";
				PRODUCT_NAME = "$(TARGET_NAME)";
				SWIFT_EMIT_LOC_STRINGS = YES;
				SWIFT_VERSION = 5.0;
				TARGETED_DEVICE_FAMILY = "1,2";
			};
			name = Debug;
		};
		5B981E7D2B96D74100F1FA60 /* Release */ = {
			isa = XCBuildConfiguration;
			buildSettings = {
				ASSETCATALOG_COMPILER_APPICON_NAME = AppIcon;
				ASSETCATALOG_COMPILER_GLOBAL_ACCENT_COLOR_NAME = AccentColor;
				CODE_SIGN_STYLE = Automatic;
				CURRENT_PROJECT_VERSION = 1;
				GENERATE_INFOPLIST_FILE = YES;
				INFOPLIST_FILE = "Creating Connections/Info.plist";
				INFOPLIST_KEY_LSApplicationCategoryType = "public.app-category.healthcare-fitness";
				INFOPLIST_KEY_UIApplicationSupportsIndirectInputEvents = YES;
				INFOPLIST_KEY_UILaunchStoryboardName = LaunchScreen;
				INFOPLIST_KEY_UIMainStoryboardFile = Main;
				INFOPLIST_KEY_UISupportedInterfaceOrientations_iPad = "UIInterfaceOrientationPortrait UIInterfaceOrientationPortraitUpsideDown UIInterfaceOrientationLandscapeLeft UIInterfaceOrientationLandscapeRight";
				INFOPLIST_KEY_UISupportedInterfaceOrientations_iPhone = "UIInterfaceOrientationPortrait UIInterfaceOrientationLandscapeLeft UIInterfaceOrientationLandscapeRight";
				IPHONEOS_DEPLOYMENT_TARGET = 15.0;
				LD_RUNPATH_SEARCH_PATHS = (
					"$(inherited)",
					"@executable_path/Frameworks",
				);
				MARKETING_VERSION = 0.1;
				PRODUCT_BUNDLE_IDENTIFIER = "com.creating-connections.Creating-Connections";
				PRODUCT_NAME = "$(TARGET_NAME)";
				SWIFT_EMIT_LOC_STRINGS = YES;
				SWIFT_VERSION = 5.0;
				TARGETED_DEVICE_FAMILY = "1,2";
			};
			name = Release;
		};
		5B981E7F2B96D74100F1FA60 /* Debug */ = {
			isa = XCBuildConfiguration;
			buildSettings = {
				ALWAYS_EMBED_SWIFT_STANDARD_LIBRARIES = YES;
				BUNDLE_LOADER = "$(TEST_HOST)";
				CODE_SIGN_STYLE = Automatic;
				CURRENT_PROJECT_VERSION = 1;
				GENERATE_INFOPLIST_FILE = YES;
				IPHONEOS_DEPLOYMENT_TARGET = 17.2;
				MARKETING_VERSION = 1.0;
				PRODUCT_BUNDLE_IDENTIFIER = "com.creating-connections.Creating-ConnectionsTests";
				PRODUCT_NAME = "$(TARGET_NAME)";
				SWIFT_EMIT_LOC_STRINGS = NO;
				SWIFT_VERSION = 5.0;
				TARGETED_DEVICE_FAMILY = "1,2";
				TEST_HOST = "$(BUILT_PRODUCTS_DIR)/Creating Connections.app/$(BUNDLE_EXECUTABLE_FOLDER_PATH)/Creating Connections";
			};
			name = Debug;
		};
		5B981E802B96D74100F1FA60 /* Release */ = {
			isa = XCBuildConfiguration;
			buildSettings = {
				ALWAYS_EMBED_SWIFT_STANDARD_LIBRARIES = YES;
				BUNDLE_LOADER = "$(TEST_HOST)";
				CODE_SIGN_STYLE = Automatic;
				CURRENT_PROJECT_VERSION = 1;
				GENERATE_INFOPLIST_FILE = YES;
				IPHONEOS_DEPLOYMENT_TARGET = 17.2;
				MARKETING_VERSION = 1.0;
				PRODUCT_BUNDLE_IDENTIFIER = "com.creating-connections.Creating-ConnectionsTests";
				PRODUCT_NAME = "$(TARGET_NAME)";
				SWIFT_EMIT_LOC_STRINGS = NO;
				SWIFT_VERSION = 5.0;
				TARGETED_DEVICE_FAMILY = "1,2";
				TEST_HOST = "$(BUILT_PRODUCTS_DIR)/Creating Connections.app/$(BUNDLE_EXECUTABLE_FOLDER_PATH)/Creating Connections";
			};
			name = Release;
		};
		5B981E822B96D74100F1FA60 /* Debug */ = {
			isa = XCBuildConfiguration;
			buildSettings = {
				ALWAYS_EMBED_SWIFT_STANDARD_LIBRARIES = YES;
				CODE_SIGN_STYLE = Automatic;
				CURRENT_PROJECT_VERSION = 1;
				GENERATE_INFOPLIST_FILE = YES;
				MARKETING_VERSION = 1.0;
				PRODUCT_BUNDLE_IDENTIFIER = "com.creating-connections.Creating-ConnectionsUITests";
				PRODUCT_NAME = "$(TARGET_NAME)";
				SWIFT_EMIT_LOC_STRINGS = NO;
				SWIFT_VERSION = 5.0;
				TARGETED_DEVICE_FAMILY = "1,2";
				TEST_TARGET_NAME = "Creating Connections";
			};
			name = Debug;
		};
		5B981E832B96D74100F1FA60 /* Release */ = {
			isa = XCBuildConfiguration;
			buildSettings = {
				ALWAYS_EMBED_SWIFT_STANDARD_LIBRARIES = YES;
				CODE_SIGN_STYLE = Automatic;
				CURRENT_PROJECT_VERSION = 1;
				GENERATE_INFOPLIST_FILE = YES;
				MARKETING_VERSION = 1.0;
				PRODUCT_BUNDLE_IDENTIFIER = "com.creating-connections.Creating-ConnectionsUITests";
				PRODUCT_NAME = "$(TARGET_NAME)";
				SWIFT_EMIT_LOC_STRINGS = NO;
				SWIFT_VERSION = 5.0;
				TARGETED_DEVICE_FAMILY = "1,2";
				TEST_TARGET_NAME = "Creating Connections";
			};
			name = Release;
		};
/* End XCBuildConfiguration section */

/* Begin XCConfigurationList section */
		5B981E4C2B96D74000F1FA60 /* Build configuration list for PBXProject "Creating Connections" */ = {
			isa = XCConfigurationList;
			buildConfigurations = (
				5B981E792B96D74100F1FA60 /* Debug */,
				5B981E7A2B96D74100F1FA60 /* Release */,
			);
			defaultConfigurationIsVisible = 0;
			defaultConfigurationName = Release;
		};
		5B981E7B2B96D74100F1FA60 /* Build configuration list for PBXNativeTarget "Creating Connections" */ = {
			isa = XCConfigurationList;
			buildConfigurations = (
				5B981E7C2B96D74100F1FA60 /* Debug */,
				5B981E7D2B96D74100F1FA60 /* Release */,
			);
			defaultConfigurationIsVisible = 0;
			defaultConfigurationName = Release;
		};
		5B981E7E2B96D74100F1FA60 /* Build configuration list for PBXNativeTarget "Creating ConnectionsTests" */ = {
			isa = XCConfigurationList;
			buildConfigurations = (
				5B981E7F2B96D74100F1FA60 /* Debug */,
				5B981E802B96D74100F1FA60 /* Release */,
			);
			defaultConfigurationIsVisible = 0;
			defaultConfigurationName = Release;
		};
		5B981E812B96D74100F1FA60 /* Build configuration list for PBXNativeTarget "Creating ConnectionsUITests" */ = {
			isa = XCConfigurationList;
			buildConfigurations = (
				5B981E822B96D74100F1FA60 /* Debug */,
				5B981E832B96D74100F1FA60 /* Release */,
			);
			defaultConfigurationIsVisible = 0;
			defaultConfigurationName = Release;
		};
/* End XCConfigurationList section */
	};
	rootObject = 5B981E492B96D74000F1FA60 /* Project object */;
}
